
Microsoft Visual Studio Solution File, Format Version 12.00
# Visual Studio Version 17
VisualStudioVersion = 17.11.35312.102
MinimumVisualStudioVersion = 10.0.40219.1
Project("{FAE04EC0-301F-11D3-BF4B-00C04F79EFBC}") = "BloodBankManagementSystem", "BloodBankManagementSystem\BloodBankManagementSystem.csproj", "{C9F9F0AF-FC1D-45B6-83DA-A914224B9077}"
EndProject
Project("{FAE04EC0-301F-11D3-BF4B-00C04F79EFBC}") = "BloodBankManagementSystem.Client", "BloodBankManagementSystem.Client\BloodBankManagementSystem.Client.csproj", "{479AAFE0-AB85-43B0-8766-B905B4556B28}"
EndProject
Project("{9A19103F-16F7-4668-BE54-9A1E7A4F7556}") = "BLL", "BLL\BLL.csproj", "{5EC371EA-DD27-48FC-916D-BA1F269CA9B3}"
EndProject
Project("{9A19103F-16F7-4668-BE54-9A1E7A4F7556}") = "DAL", "DAL\DAL.csproj", "{38F68A2A-F728-4D40-BDEC-ACFF8BF72063}"
EndProject
Project("{9A19103F-16F7-4668-BE54-9A1E7A4F7556}") = "General", "General\General.csproj", "{CFE22184-340F-4EBC-9BBE-0505D2C72D49}"
EndProject
Project("{9A19103F-16F7-4668-BE54-9A1E7A4F7556}") = "Shared", "Shared\Shared.csproj", "{B85BCA71-D427-49CF-B93D-364D3A8FBDA5}"
EndProject
Global
	GlobalSection(SolutionConfigurationPlatforms) = preSolution
		Debug|Any CPU = Debug|Any CPU
		Release|Any CPU = Release|Any CPU
	EndGlobalSection
	GlobalSection(ProjectConfigurationPlatforms) = postSolution
		{C9F9F0AF-FC1D-45B6-83DA-A914224B9077}.Debug|Any CPU.ActiveCfg = Debug|Any CPU
		{C9F9F0AF-FC1D-45B6-83DA-A914224B9077}.Debug|Any CPU.Build.0 = Debug|Any CPU
		{C9F9F0AF-FC1D-45B6-83DA-A914224B9077}.Release|Any CPU.ActiveCfg = Release|Any CPU
		{C9F9F0AF-FC1D-45B6-83DA-A914224B9077}.Release|Any CPU.Build.0 = Release|Any CPU
		{479AAFE0-AB85-43B0-8766-B905B4556B28}.Debug|Any CPU.ActiveCfg = Debug|Any CPU
		{479AAFE0-AB85-43B0-8766-B905B4556B28}.Debug|Any CPU.Build.0 = Debug|Any CPU
		{479AAFE0-AB85-43B0-8766-B905B4556B28}.Release|Any CPU.ActiveCfg = Release|Any CPU
		{479AAFE0-AB85-43B0-8766-B905B4556B28}.Release|Any CPU.Build.0 = Release|Any CPU
		{5EC371EA-DD27-48FC-916D-BA1F269CA9B3}.Debug|Any CPU.ActiveCfg = Debug|Any CPU
		{5EC371EA-DD27-48FC-916D-BA1F269CA9B3}.Debug|Any CPU.Build.0 = Debug|Any CPU
		{5EC371EA-DD27-48FC-916D-BA1F269CA9B3}.Release|Any CPU.ActiveCfg = Release|Any CPU
		{5EC371EA-DD27-48FC-916D-BA1F269CA9B3}.Release|Any CPU.Build.0 = Release|Any CPU
		{38F68A2A-F728-4D40-BDEC-ACFF8BF72063}.Debug|Any CPU.ActiveCfg = Debug|Any CPU
		{38F68A2A-F728-4D40-BDEC-ACFF8BF72063}.Debug|Any CPU.Build.0 = Debug|Any CPU
		{38F68A2A-F728-4D40-BDEC-ACFF8BF72063}.Release|Any CPU.ActiveCfg = Release|Any CPU
		{38F68A2A-F728-4D40-BDEC-ACFF8BF72063}.Release|Any CPU.Build.0 = Release|Any CPU
		{CFE22184-340F-4EBC-9BBE-0505D2C72D49}.Debug|Any CPU.ActiveCfg = Debug|Any CPU
		{CFE22184-340F-4EBC-9BBE-0505D2C72D49}.Debug|Any CPU.Build.0 = Debug|Any CPU
		{CFE22184-340F-4EBC-9BBE-0505D2C72D49}.Release|Any CPU.ActiveCfg = Release|Any CPU
		{CFE22184-340F-4EBC-9BBE-0505D2C72D49}.Release|Any CPU.Build.0 = Release|Any CPU
		{B85BCA71-D427-49CF-B93D-364D3A8FBDA5}.Debug|Any CPU.ActiveCfg = Debug|Any CPU
		{B85BCA71-D427-49CF-B93D-364D3A8FBDA5}.Debug|Any CPU.Build.0 = Debug|Any CPU
		{B85BCA71-D427-49CF-B93D-364D3A8FBDA5}.Release|Any CPU.ActiveCfg = Release|Any CPU
		{B85BCA71-D427-49CF-B93D-364D3A8FBDA5}.Release|Any CPU.Build.0 = Release|Any CPU
	EndGlobalSection
	GlobalSection(SolutionProperties) = preSolution
		HideSolutionNode = FALSE
	EndGlobalSection
	GlobalSection(ExtensibilityGlobals) = postSolution
		SolutionGuid = {290E778E-0088-414C-B8FF-C21E537566AA}
	EndGlobalSection
EndGlobal
